# This file is automatically @generated by Cargo.
# It is not intended for manual editing.
[[package]]
name = "byteorder"
version = "1.5.0"
source = "registry+https://github.com/rust-lang/crates.io-index"

[[package]]
name = "hash32"
version = "0.3.1"
source = "registry+https://github.com/rust-lang/crates.io-index"
dependencies = [
 "byteorder 1.5.0 (registry+https://github.com/rust-lang/crates.io-index)",
]

[[package]]
name = "heapless"
version = "0.8.0"
source = "registry+https://github.com/rust-lang/crates.io-index"
dependencies = [
 "hash32 0.3.1 (registry+https://github.com/rust-lang/crates.io-index)",
 "stable_deref_trait 1.2.0 (registry+https://github.com/rust-lang/crates.io-index)",
]

[[package]]
name = "stable_deref_trait"
version = "1.2.0"
source = "registry+https://github.com/rust-lang/crates.io-index"

[[package]]
name = "zigbee"
version = "0.1.0-alpha.1"
dependencies = [
 "heapless 0.8.0 (registry+https://github.com/rust-lang/crates.io-index)",
]

[metadata]
"checksum byteorder 1.5.0 (registry+https://github.com/rust-lang/crates.io-index)" = "1fd0f2584146f6f2ef48085050886acf353beff7305ebd1ae69500e27c67f64b"
"checksum hash32 0.3.1 (registry+https://github.com/rust-lang/crates.io-index)" = "47d60b12902ba28e2730cd37e95b8c9223af2808df9e902d4df49588d1470606"
"checksum heapless 0.8.0 (registry+https://github.com/rust-lang/crates.io-index)" = "0bfb9eb618601c89945a70e254898da93b13be0388091d42117462b265bb3fad"
"checksum stable_deref_trait 1.2.0 (registry+https://github.com/rust-lang/crates.io-index)" = "a8f112729512f8e442d81f95a8a7ddf2b7c6b8a1a6f509a95864142b30cab2d3"
